
Microsoft Visual Studio Solution File, Format Version 12.00
# Visual Studio 11
Project("{FAE04EC0-301F-11D3-BF4B-00C04F79EFBC}") = "Tests", "Tests\Tests.csproj", "{84B0A803-3458-473F-A989-4BC8C6238BC6}"
EndProject
Project("{FAE04EC0-301F-11D3-BF4B-00C04F79EFBC}") = "CheapSkate", "CheapSkate\CheapSkate.csproj", "{CAEE48C1-F592-41EF-B205-F76D847A4072}"
EndProject
Global
	GlobalSection(SolutionConfigurationPlatforms) = preSolution
		Debug|Any CPU = Debug|Any CPU
		Release|Any CPU = Release|Any CPU
	EndGlobalSection
	GlobalSection(ProjectConfigurationPlatforms) = postSolution
		{84B0A803-3458-473F-A989-4BC8C6238BC6}.Debug|Any CPU.ActiveCfg = Debug|Any CPU
		{84B0A803-3458-473F-A989-4BC8C6238BC6}.Debug|Any CPU.Build.0 = Debug|Any CPU
		{84B0A803-3458-473F-A989-4BC8C6238BC6}.Release|Any CPU.ActiveCfg = Release|Any CPU
		{84B0A803-3458-473F-A989-4BC8C6238BC6}.Release|Any CPU.Build.0 = Release|Any CPU
		{CAEE48C1-F592-41EF-B205-F76D847A4072}.Debug|Any CPU.ActiveCfg = Debug|Any CPU
		{CAEE48C1-F592-41EF-B205-F76D847A4072}.Debug|Any CPU.Build.0 = Debug|Any CPU
		{CAEE48C1-F592-41EF-B205-F76D847A4072}.Release|Any CPU.ActiveCfg = Release|Any CPU
		{CAEE48C1-F592-41EF-B205-F76D847A4072}.Release|Any CPU.Build.0 = Release|Any CPU
	EndGlobalSection
	GlobalSection(SolutionProperties) = preSolution
		HideSolutionNode = FALSE
	EndGlobalSection
EndGlobal
